// !$*UTF8*$!
{
	archiveVersion = 1;
	classes = {
	};
	objectVersion = 50;
	objects = {

/* Begin PBXBuildFile section */
		30514D132397F1A000DCC6DB /* starWarsViewController.swift in Sources */ = {isa = PBXBuildFile; fileRef = 30514D122397F1A000DCC6DB /* starWarsViewController.swift */; };
		30514D152397F1CB00DCC6DB /* triviaViewController.swift in Sources */ = {isa = PBXBuildFile; fileRef = 30514D142397F1CB00DCC6DB /* triviaViewController.swift */; };
		30514D182397F25F00DCC6DB /* jokeData.swift in Sources */ = {isa = PBXBuildFile; fileRef = 30514D172397F25F00DCC6DB /* jokeData.swift */; };
		30514D1A2397F27500DCC6DB /* starWarsData.swift in Sources */ = {isa = PBXBuildFile; fileRef = 30514D192397F27500DCC6DB /* starWarsData.swift */; };
		30514D1C2397F28E00DCC6DB /* triviaData.swift in Sources */ = {isa = PBXBuildFile; fileRef = 30514D1B2397F28E00DCC6DB /* triviaData.swift */; };
		30514D1F2397F59F00DCC6DB /* jokeDetailVC.swift in Sources */ = {isa = PBXBuildFile; fileRef = 30514D1E2397F59F00DCC6DB /* jokeDetailVC.swift */; };
		30514D212397F5CD00DCC6DB /* starWarsDetailVC.swift in Sources */ = {isa = PBXBuildFile; fileRef = 30514D202397F5CD00DCC6DB /* starWarsDetailVC.swift */; };
		30514D232397F5EB00DCC6DB /* triviaDetailVC.swift in Sources */ = {isa = PBXBuildFile; fileRef = 30514D222397F5EB00DCC6DB /* triviaDetailVC.swift */; };
		30D9A0162396A52A00AF08C0 /* AppDelegate.swift in Sources */ = {isa = PBXBuildFile; fileRef = 30D9A0152396A52A00AF08C0 /* AppDelegate.swift */; };
		30D9A0182396A52A00AF08C0 /* SceneDelegate.swift in Sources */ = {isa = PBXBuildFile; fileRef = 30D9A0172396A52A00AF08C0 /* SceneDelegate.swift */; };
		30D9A01A2396A52A00AF08C0 /* jokesViewController.swift in Sources */ = {isa = PBXBuildFile; fileRef = 30D9A0192396A52A00AF08C0 /* jokesViewController.swift */; };
		30D9A01D2396A52A00AF08C0 /* Main.storyboard in Resources */ = {isa = PBXBuildFile; fileRef = 30D9A01B2396A52A00AF08C0 /* Main.storyboard */; };
		30D9A01F2396A52D00AF08C0 /* Assets.xcassets in Resources */ = {isa = PBXBuildFile; fileRef = 30D9A01E2396A52D00AF08C0 /* Assets.xcassets */; };
		30D9A0222396A52D00AF08C0 /* LaunchScreen.storyboard in Resources */ = {isa = PBXBuildFile; fileRef = 30D9A0202396A52D00AF08C0 /* LaunchScreen.storyboard */; };
		30D9A02D2396A52D00AF08C0 /* Pursuit_Core_iOS_Introduction_to_Unit_Testing_LabTests.swift in Sources */ = {isa = PBXBuildFile; fileRef = 30D9A02C2396A52D00AF08C0 /* Pursuit_Core_iOS_Introduction_to_Unit_Testing_LabTests.swift */; };
		30D9A0382396A56400AF08C0 /* joke.json in Resources */ = {isa = PBXBuildFile; fileRef = 30D9A0372396A56400AF08C0 /* joke.json */; };
		30D9A03C2396A5F900AF08C0 /* starWars.json in Resources */ = {isa = PBXBuildFile; fileRef = 30D9A03B2396A5F900AF08C0 /* starWars.json */; };
		30D9A03E2396A63700AF08C0 /* trivia.json in Resources */ = {isa = PBXBuildFile; fileRef = 30D9A03D2396A63700AF08C0 /* trivia.json */; };
/* End PBXBuildFile section */

/* Begin PBXContainerItemProxy section */
		30D9A0292396A52D00AF08C0 /* PBXContainerItemProxy */ = {
			isa = PBXContainerItemProxy;
			containerPortal = 30D9A00A2396A52A00AF08C0 /* Project object */;
			proxyType = 1;
			remoteGlobalIDString = 30D9A0112396A52A00AF08C0;
			remoteInfo = "Pursuit-Core-iOS-Introduction-to-Unit-Testing-Lab";
		};
/* End PBXContainerItemProxy section */

/* Begin PBXFileReference section */
		30514D122397F1A000DCC6DB /* starWarsViewController.swift */ = {isa = PBXFileReference; lastKnownFileType = sourcecode.swift; path = starWarsViewController.swift; sourceTree = "<group>"; };
		30514D142397F1CB00DCC6DB /* triviaViewController.swift */ = {isa = PBXFileReference; lastKnownFileType = sourcecode.swift; path = triviaViewController.swift; sourceTree = "<group>"; };
		30514D172397F25F00DCC6DB /* jokeData.swift */ = {isa = PBXFileReference; lastKnownFileType = sourcecode.swift; path = jokeData.swift; sourceTree = "<group>"; };
		30514D192397F27500DCC6DB /* starWarsData.swift */ = {isa = PBXFileReference; lastKnownFileType = sourcecode.swift; path = starWarsData.swift; sourceTree = "<group>"; };
		30514D1B2397F28E00DCC6DB /* triviaData.swift */ = {isa = PBXFileReference; lastKnownFileType = sourcecode.swift; path = triviaData.swift; sourceTree = "<group>"; };
		30514D1E2397F59F00DCC6DB /* jokeDetailVC.swift */ = {isa = PBXFileReference; lastKnownFileType = sourcecode.swift; path = jokeDetailVC.swift; sourceTree = "<group>"; };
		30514D202397F5CD00DCC6DB /* starWarsDetailVC.swift */ = {isa = PBXFileReference; lastKnownFileType = sourcecode.swift; path = starWarsDetailVC.swift; sourceTree = "<group>"; };
		30514D222397F5EB00DCC6DB /* triviaDetailVC.swift */ = {isa = PBXFileReference; lastKnownFileType = sourcecode.swift; path = triviaDetailVC.swift; sourceTree = "<group>"; };
		30D9A0122396A52A00AF08C0 /* Pursuit-Core-iOS-Introduction-to-Unit-Testing-Lab.app */ = {isa = PBXFileReference; explicitFileType = wrapper.application; includeInIndex = 0; path = "Pursuit-Core-iOS-Introduction-to-Unit-Testing-Lab.app"; sourceTree = BUILT_PRODUCTS_DIR; };
		30D9A0152396A52A00AF08C0 /* AppDelegate.swift */ = {isa = PBXFileReference; lastKnownFileType = sourcecode.swift; path = AppDelegate.swift; sourceTree = "<group>"; };
		30D9A0172396A52A00AF08C0 /* SceneDelegate.swift */ = {isa = PBXFileReference; lastKnownFileType = sourcecode.swift; path = SceneDelegate.swift; sourceTree = "<group>"; };
		30D9A0192396A52A00AF08C0 /* jokesViewController.swift */ = {isa = PBXFileReference; lastKnownFileType = sourcecode.swift; path = jokesViewController.swift; sourceTree = "<group>"; };
		30D9A01C2396A52A00AF08C0 /* Base */ = {isa = PBXFileReference; lastKnownFileType = file.storyboard; name = Base; path = Base.lproj/Main.storyboard; sourceTree = "<group>"; };
		30D9A01E2396A52D00AF08C0 /* Assets.xcassets */ = {isa = PBXFileReference; lastKnownFileType = folder.assetcatalog; path = Assets.xcassets; sourceTree = "<group>"; };
		30D9A0212396A52D00AF08C0 /* Base */ = {isa = PBXFileReference; lastKnownFileType = file.storyboard; name = Base; path = Base.lproj/LaunchScreen.storyboard; sourceTree = "<group>"; };
		30D9A0232396A52D00AF08C0 /* Info.plist */ = {isa = PBXFileReference; lastKnownFileType = text.plist.xml; path = Info.plist; sourceTree = "<group>"; };
		30D9A0282396A52D00AF08C0 /* Pursuit-Core-iOS-Introduction-to-Unit-Testing-LabTests.xctest */ = {isa = PBXFileReference; explicitFileType = wrapper.cfbundle; includeInIndex = 0; path = "Pursuit-Core-iOS-Introduction-to-Unit-Testing-LabTests.xctest"; sourceTree = BUILT_PRODUCTS_DIR; };
		30D9A02C2396A52D00AF08C0 /* Pursuit_Core_iOS_Introduction_to_Unit_Testing_LabTests.swift */ = {isa = PBXFileReference; lastKnownFileType = sourcecode.swift; path = Pursuit_Core_iOS_Introduction_to_Unit_Testing_LabTests.swift; sourceTree = "<group>"; };
		30D9A02E2396A52D00AF08C0 /* Info.plist */ = {isa = PBXFileReference; lastKnownFileType = text.plist.xml; path = Info.plist; sourceTree = "<group>"; };
		30D9A0372396A56400AF08C0 /* joke.json */ = {isa = PBXFileReference; lastKnownFileType = text.json; path = joke.json; sourceTree = "<group>"; };
		30D9A03B2396A5F900AF08C0 /* starWars.json */ = {isa = PBXFileReference; lastKnownFileType = text.json; path = starWars.json; sourceTree = "<group>"; };
		30D9A03D2396A63700AF08C0 /* trivia.json */ = {isa = PBXFileReference; lastKnownFileType = text.json; path = trivia.json; sourceTree = "<group>"; };
/* End PBXFileReference section */

/* Begin PBXFrameworksBuildPhase section */
		30D9A00F2396A52A00AF08C0 /* Frameworks */ = {
			isa = PBXFrameworksBuildPhase;
			buildActionMask = 2147483647;
			files = (
			);
			runOnlyForDeploymentPostprocessing = 0;
		};
		30D9A0252396A52D00AF08C0 /* Frameworks */ = {
			isa = PBXFrameworksBuildPhase;
			buildActionMask = 2147483647;
			files = (
			);
			runOnlyForDeploymentPostprocessing = 0;
		};
/* End PBXFrameworksBuildPhase section */

/* Begin PBXGroup section */
		30514D162397F1E400DCC6DB /* View Controllers */ = {
			isa = PBXGroup;
			children = (
				30D9A0192396A52A00AF08C0 /* jokesViewController.swift */,
				30514D122397F1A000DCC6DB /* starWarsViewController.swift */,
				30514D142397F1CB00DCC6DB /* triviaViewController.swift */,
			);
			path = "View Controllers";
			sourceTree = "<group>";
		};
		30514D1D2397F29900DCC6DB /* Data Swift Files */ = {
			isa = PBXGroup;
			children = (
				30514D172397F25F00DCC6DB /* jokeData.swift */,
				30514D192397F27500DCC6DB /* starWarsData.swift */,
				30514D1B2397F28E00DCC6DB /* triviaData.swift */,
			);
			path = "Data Swift Files";
			sourceTree = "<group>";
		};
		30514D242397F5F300DCC6DB /* Detail View Controllers */ = {
			isa = PBXGroup;
			children = (
				30514D1E2397F59F00DCC6DB /* jokeDetailVC.swift */,
				30514D202397F5CD00DCC6DB /* starWarsDetailVC.swift */,
				30514D222397F5EB00DCC6DB /* triviaDetailVC.swift */,
			);
			path = "Detail View Controllers";
			sourceTree = "<group>";
		};
		30D9A0092396A52A00AF08C0 = {
			isa = PBXGroup;
			children = (
				30D9A0142396A52A00AF08C0 /* Pursuit-Core-iOS-Introduction-to-Unit-Testing-Lab */,
				30D9A02B2396A52D00AF08C0 /* Pursuit-Core-iOS-Introduction-to-Unit-Testing-LabTests */,
				30D9A0132396A52A00AF08C0 /* Products */,
			);
			sourceTree = "<group>";
		};
		30D9A0132396A52A00AF08C0 /* Products */ = {
			isa = PBXGroup;
			children = (
				30D9A0122396A52A00AF08C0 /* Pursuit-Core-iOS-Introduction-to-Unit-Testing-Lab.app */,
				30D9A0282396A52D00AF08C0 /* Pursuit-Core-iOS-Introduction-to-Unit-Testing-LabTests.xctest */,
			);
			name = Products;
			sourceTree = "<group>";
		};
		30D9A0142396A52A00AF08C0 /* Pursuit-Core-iOS-Introduction-to-Unit-Testing-Lab */ = {
			isa = PBXGroup;
			children = (
				30D9A0152396A52A00AF08C0 /* AppDelegate.swift */,
				30D9A0172396A52A00AF08C0 /* SceneDelegate.swift */,
				30D9A01B2396A52A00AF08C0 /* Main.storyboard */,
				30514D162397F1E400DCC6DB /* View Controllers */,
				30514D242397F5F300DCC6DB /* Detail View Controllers */,
				30514D1D2397F29900DCC6DB /* Data Swift Files */,
				30D9A03F2396A64B00AF08C0 /* JSON */,
				30D9A01E2396A52D00AF08C0 /* Assets.xcassets */,
				30D9A0202396A52D00AF08C0 /* LaunchScreen.storyboard */,
				30D9A0232396A52D00AF08C0 /* Info.plist */,
			);
			path = "Pursuit-Core-iOS-Introduction-to-Unit-Testing-Lab";
			sourceTree = "<group>";
		};
		30D9A02B2396A52D00AF08C0 /* Pursuit-Core-iOS-Introduction-to-Unit-Testing-LabTests */ = {
			isa = PBXGroup;
			children = (
				30D9A02C2396A52D00AF08C0 /* Pursuit_Core_iOS_Introduction_to_Unit_Testing_LabTests.swift */,
				30D9A02E2396A52D00AF08C0 /* Info.plist */,
			);
			path = "Pursuit-Core-iOS-Introduction-to-Unit-Testing-LabTests";
			sourceTree = "<group>";
		};
		30D9A03F2396A64B00AF08C0 /* JSON */ = {
			isa = PBXGroup;
			children = (
				30D9A0372396A56400AF08C0 /* joke.json */,
				30D9A03B2396A5F900AF08C0 /* starWars.json */,
				30D9A03D2396A63700AF08C0 /* trivia.json */,
			);
			path = JSON;
			sourceTree = "<group>";
		};
/* End PBXGroup section */

/* Begin PBXNativeTarget section */
		30D9A0112396A52A00AF08C0 /* Pursuit-Core-iOS-Introduction-to-Unit-Testing-Lab */ = {
			isa = PBXNativeTarget;
			buildConfigurationList = 30D9A0312396A52D00AF08C0 /* Build configuration list for PBXNativeTarget "Pursuit-Core-iOS-Introduction-to-Unit-Testing-Lab" */;
			buildPhases = (
				30D9A00E2396A52A00AF08C0 /* Sources */,
				30D9A00F2396A52A00AF08C0 /* Frameworks */,
				30D9A0102396A52A00AF08C0 /* Resources */,
			);
			buildRules = (
			);
			dependencies = (
			);
			name = "Pursuit-Core-iOS-Introduction-to-Unit-Testing-Lab";
			productName = "Pursuit-Core-iOS-Introduction-to-Unit-Testing-Lab";
			productReference = 30D9A0122396A52A00AF08C0 /* Pursuit-Core-iOS-Introduction-to-Unit-Testing-Lab.app */;
			productType = "com.apple.product-type.application";
		};
		30D9A0272396A52D00AF08C0 /* Pursuit-Core-iOS-Introduction-to-Unit-Testing-LabTests */ = {
			isa = PBXNativeTarget;
			buildConfigurationList = 30D9A0342396A52D00AF08C0 /* Build configuration list for PBXNativeTarget "Pursuit-Core-iOS-Introduction-to-Unit-Testing-LabTests" */;
			buildPhases = (
				30D9A0242396A52D00AF08C0 /* Sources */,
				30D9A0252396A52D00AF08C0 /* Frameworks */,
				30D9A0262396A52D00AF08C0 /* Resources */,
			);
			buildRules = (
			);
			dependencies = (
				30D9A02A2396A52D00AF08C0 /* PBXTargetDependency */,
			);
			name = "Pursuit-Core-iOS-Introduction-to-Unit-Testing-LabTests";
			productName = "Pursuit-Core-iOS-Introduction-to-Unit-Testing-LabTests";
			productReference = 30D9A0282396A52D00AF08C0 /* Pursuit-Core-iOS-Introduction-to-Unit-Testing-LabTests.xctest */;
			productType = "com.apple.product-type.bundle.unit-test";
		};
/* End PBXNativeTarget section */

/* Begin PBXProject section */
		30D9A00A2396A52A00AF08C0 /* Project object */ = {
			isa = PBXProject;
			attributes = {
				LastSwiftUpdateCheck = 1120;
				LastUpgradeCheck = 1120;
				ORGANIZATIONNAME = "Jaheed Haynes";
				TargetAttributes = {
					30D9A0112396A52A00AF08C0 = {
						CreatedOnToolsVersion = 11.2.1;
					};
					30D9A0272396A52D00AF08C0 = {
						CreatedOnToolsVersion = 11.2.1;
						TestTargetID = 30D9A0112396A52A00AF08C0;
					};
				};
			};
			buildConfigurationList = 30D9A00D2396A52A00AF08C0 /* Build configuration list for PBXProject "Pursuit-Core-iOS-Introduction-to-Unit-Testing-Lab" */;
			compatibilityVersion = "Xcode 9.3";
			developmentRegion = en;
			hasScannedForEncodings = 0;
			knownRegions = (
				en,
				Base,
			);
			mainGroup = 30D9A0092396A52A00AF08C0;
			productRefGroup = 30D9A0132396A52A00AF08C0 /* Products */;
			projectDirPath = "";
			projectRoot = "";
			targets = (
				30D9A0112396A52A00AF08C0 /* Pursuit-Core-iOS-Introduction-to-Unit-Testing-Lab */,
				30D9A0272396A52D00AF08C0 /* Pursuit-Core-iOS-Introduction-to-Unit-Testing-LabTests */,
			);
		};
/* End PBXProject section */

/* Begin PBXResourcesBuildPhase section */
		30D9A0102396A52A00AF08C0 /* Resources */ = {
			isa = PBXResourcesBuildPhase;
			buildActionMask = 2147483647;
			files = (
				30D9A0222396A52D00AF08C0 /* LaunchScreen.storyboard in Resources */,
				30D9A03C2396A5F900AF08C0 /* starWars.json in Resources */,
				30D9A03E2396A63700AF08C0 /* trivia.json in Resources */,
				30D9A01F2396A52D00AF08C0 /* Assets.xcassets in Resources */,
				30D9A0382396A56400AF08C0 /* joke.json in Resources */,
				30D9A01D2396A52A00AF08C0 /* Main.storyboard in Resources */,
			);
			runOnlyForDeploymentPostprocessing = 0;
		};
		30D9A0262396A52D00AF08C0 /* Resources */ = {
			isa = PBXResourcesBuildPhase;
			buildActionMask = 2147483647;
			files = (
			);
			runOnlyForDeploymentPostprocessing = 0;
		};
/* End PBXResourcesBuildPhase section */

/* Begin PBXSourcesBuildPhase section */
		30D9A00E2396A52A00AF08C0 /* Sources */ = {
			isa = PBXSourcesBuildPhase;
			buildActionMask = 2147483647;
			files = (
				30514D1A2397F27500DCC6DB /* starWarsData.swift in Sources */,
				30514D1F2397F59F00DCC6DB /* jokeDetailVC.swift in Sources */,
				30D9A01A2396A52A00AF08C0 /* jokesViewController.swift in Sources */,
				30514D152397F1CB00DCC6DB /* triviaViewController.swift in Sources */,
				30514D212397F5CD00DCC6DB /* starWarsDetailVC.swift in Sources */,
				30514D182397F25F00DCC6DB /* jokeData.swift in Sources */,
				30514D1C2397F28E00DCC6DB /* triviaData.swift in Sources */,
				30514D132397F1A000DCC6DB /* starWarsViewController.swift in Sources */,
				30D9A0162396A52A00AF08C0 /* AppDelegate.swift in Sources */,
				30514D232397F5EB00DCC6DB /* triviaDetailVC.swift in Sources */,
				30D9A0182396A52A00AF08C0 /* SceneDelegate.swift in Sources */,
			);
			runOnlyForDeploymentPostprocessing = 0;
		};
		30D9A0242396A52D00AF08C0 /* Sources */ = {
			isa = PBXSourcesBuildPhase;
			buildActionMask = 2147483647;
			files = (
				30D9A02D2396A52D00AF08C0 /* Pursuit_Core_iOS_Introduction_to_Unit_Testing_LabTests.swift in Sources */,
			);
			runOnlyForDeploymentPostprocessing = 0;
		};
/* End PBXSourcesBuildPhase section */

/* Begin PBXTargetDependency section */
		30D9A02A2396A52D00AF08C0 /* PBXTargetDependency */ = {
			isa = PBXTargetDependency;
			target = 30D9A0112396A52A00AF08C0 /* Pursuit-Core-iOS-Introduction-to-Unit-Testing-Lab */;
			targetProxy = 30D9A0292396A52D00AF08C0 /* PBXContainerItemProxy */;
		};
/* End PBXTargetDependency section */

/* Begin PBXVariantGroup section */
		30D9A01B2396A52A00AF08C0 /* Main.storyboard */ = {
			isa = PBXVariantGroup;
			children = (
				30D9A01C2396A52A00AF08C0 /* Base */,
			);
			name = Main.storyboard;
			sourceTree = "<group>";
		};
		30D9A0202396A52D00AF08C0 /* LaunchScreen.storyboard */ = {
			isa = PBXVariantGroup;
			children = (
				30D9A0212396A52D00AF08C0 /* Base */,
			);
			name = LaunchScreen.storyboard;
			sourceTree = "<group>";
		};
/* End PBXVariantGroup section */

/* Begin XCBuildConfiguration section */
		30D9A02F2396A52D00AF08C0 /* Debug */ = {
			isa = XCBuildConfiguration;
			buildSettings = {
				ALWAYS_SEARCH_USER_PATHS = NO;
				CLANG_ANALYZER_NONNULL = YES;
				CLANG_ANALYZER_NUMBER_OBJECT_CONVERSION = YES_AGGRESSIVE;
				CLANG_CXX_LANGUAGE_STANDARD = "gnu++14";
				CLANG_CXX_LIBRARY = "libc++";
				CLANG_ENABLE_MODULES = YES;
				CLANG_ENABLE_OBJC_ARC = YES;
				CLANG_ENABLE_OBJC_WEAK = YES;
				CLANG_WARN_BLOCK_CAPTURE_AUTORELEASING = YES;
				CLANG_WARN_BOOL_CONVERSION = YES;
				CLANG_WARN_COMMA = YES;
				CLANG_WARN_CONSTANT_CONVERSION = YES;
				CLANG_WARN_DEPRECATED_OBJC_IMPLEMENTATIONS = YES;
				CLANG_WARN_DIRECT_OBJC_ISA_USAGE = YES_ERROR;
				CLANG_WARN_DOCUMENTATION_COMMENTS = YES;
				CLANG_WARN_EMPTY_BODY = YES;
				CLANG_WARN_ENUM_CONVERSION = YES;
				CLANG_WARN_INFINITE_RECURSION = YES;
				CLANG_WARN_INT_CONVERSION = YES;
				CLANG_WARN_NON_LITERAL_NULL_CONVERSION = YES;
				CLANG_WARN_OBJC_IMPLICIT_RETAIN_SELF = YES;
				CLANG_WARN_OBJC_LITERAL_CONVERSION = YES;
				CLANG_WARN_OBJC_ROOT_CLASS = YES_ERROR;
				CLANG_WARN_RANGE_LOOP_ANALYSIS = YES;
				CLANG_WARN_STRICT_PROTOTYPES = YES;
				CLANG_WARN_SUSPICIOUS_MOVE = YES;
				CLANG_WARN_UNGUARDED_AVAILABILITY = YES_AGGRESSIVE;
				CLANG_WARN_UNREACHABLE_CODE = YES;
				CLANG_WARN__DUPLICATE_METHOD_MATCH = YES;
				COPY_PHASE_STRIP = NO;
				DEBUG_INFORMATION_FORMAT = dwarf;
				ENABLE_STRICT_OBJC_MSGSEND = YES;
				ENABLE_TESTABILITY = YES;
				GCC_C_LANGUAGE_STANDARD = gnu11;
				GCC_DYNAMIC_NO_PIC = NO;
				GCC_NO_COMMON_BLOCKS = YES;
				GCC_OPTIMIZATION_LEVEL = 0;
				GCC_PREPROCESSOR_DEFINITIONS = (
					"DEBUG=1",
					"$(inherited)",
				);
				GCC_WARN_64_TO_32_BIT_CONVERSION = YES;
				GCC_WARN_ABOUT_RETURN_TYPE = YES_ERROR;
				GCC_WARN_UNDECLARED_SELECTOR = YES;
				GCC_WARN_UNINITIALIZED_AUTOS = YES_AGGRESSIVE;
				GCC_WARN_UNUSED_FUNCTION = YES;
				GCC_WARN_UNUSED_VARIABLE = YES;
				IPHONEOS_DEPLOYMENT_TARGET = 13.2;
				MTL_ENABLE_DEBUG_INFO = INCLUDE_SOURCE;
				MTL_FAST_MATH = YES;
				ONLY_ACTIVE_ARCH = YES;
				SDKROOT = iphoneos;
				SWIFT_ACTIVE_COMPILATION_CONDITIONS = DEBUG;
				SWIFT_OPTIMIZATION_LEVEL = "-Onone";
			};
			name = Debug;
		};
		30D9A0302396A52D00AF08C0 /* Release */ = {
			isa = XCBuildConfiguration;
			buildSettings = {
				ALWAYS_SEARCH_USER_PATHS = NO;
				CLANG_ANALYZER_NONNULL = YES;
				CLANG_ANALYZER_NUMBER_OBJECT_CONVERSION = YES_AGGRESSIVE;
				CLANG_CXX_LANGUAGE_STANDARD = "gnu++14";
				CLANG_CXX_LIBRARY = "libc++";
				CLANG_ENABLE_MODULES = YES;
				CLANG_ENABLE_OBJC_ARC = YES;
				CLANG_ENABLE_OBJC_WEAK = YES;
				CLANG_WARN_BLOCK_CAPTURE_AUTORELEASING = YES;
				CLANG_WARN_BOOL_CONVERSION = YES;
				CLANG_WARN_COMMA = YES;
				CLANG_WARN_CONSTANT_CONVERSION = YES;
				CLANG_WARN_DEPRECATED_OBJC_IMPLEMENTATIONS = YES;
				CLANG_WARN_DIRECT_OBJC_ISA_USAGE = YES_ERROR;
				CLANG_WARN_DOCUMENTATION_COMMENTS = YES;
				CLANG_WARN_EMPTY_BODY = YES;
				CLANG_WARN_ENUM_CONVERSION = YES;
				CLANG_WARN_INFINITE_RECURSION = YES;
				CLANG_WARN_INT_CONVERSION = YES;
				CLANG_WARN_NON_LITERAL_NULL_CONVERSION = YES;
				CLANG_WARN_OBJC_IMPLICIT_RETAIN_SELF = YES;
				CLANG_WARN_OBJC_LITERAL_CONVERSION = YES;
				CLANG_WARN_OBJC_ROOT_CLASS = YES_ERROR;
				CLANG_WARN_RANGE_LOOP_ANALYSIS = YES;
				CLANG_WARN_STRICT_PROTOTYPES = YES;
				CLANG_WARN_SUSPICIOUS_MOVE = YES;
				CLANG_WARN_UNGUARDED_AVAILABILITY = YES_AGGRESSIVE;
				CLANG_WARN_UNREACHABLE_CODE = YES;
				CLANG_WARN__DUPLICATE_METHOD_MATCH = YES;
				COPY_PHASE_STRIP = NO;
				DEBUG_INFORMATION_FORMAT = "dwarf-with-dsym";
				ENABLE_NS_ASSERTIONS = NO;
				ENABLE_STRICT_OBJC_MSGSEND = YES;
				GCC_C_LANGUAGE_STANDARD = gnu11;
				GCC_NO_COMMON_BLOCKS = YES;
				GCC_WARN_64_TO_32_BIT_CONVERSION = YES;
				GCC_WARN_ABOUT_RETURN_TYPE = YES_ERROR;
				GCC_WARN_UNDECLARED_SELECTOR = YES;
				GCC_WARN_UNINITIALIZED_AUTOS = YES_AGGRESSIVE;
				GCC_WARN_UNUSED_FUNCTION = YES;
				GCC_WARN_UNUSED_VARIABLE = YES;
				IPHONEOS_DEPLOYMENT_TARGET = 13.2;
				MTL_ENABLE_DEBUG_INFO = NO;
				MTL_FAST_MATH = YES;
				SDKROOT = iphoneos;
				SWIFT_COMPILATION_MODE = wholemodule;
				SWIFT_OPTIMIZATION_LEVEL = "-O";
				VALIDATE_PRODUCT = YES;
			};
			name = Release;
		};
		30D9A0322396A52D00AF08C0 /* Debug */ = {
			isa = XCBuildConfiguration;
			buildSettings = {
				ASSETCATALOG_COMPILER_APPICON_NAME = AppIcon;
				CODE_SIGN_STYLE = Automatic;
				DEVELOPMENT_TEAM = TTN2293JXM;
				INFOPLIST_FILE = "Pursuit-Core-iOS-Introduction-to-Unit-Testing-Lab/Info.plist";
				LD_RUNPATH_SEARCH_PATHS = (
					"$(inherited)",
					"@executable_path/Frameworks",
				);
				PRODUCT_BUNDLE_IDENTIFIER = "com.Jaheed.Pursuit-Core-iOS-Introduction-to-Unit-Testing-Lab";
				PRODUCT_NAME = "$(TARGET_NAME)";
				SWIFT_VERSION = 5.0;
				TARGETED_DEVICE_FAMILY = "1,2";
			};
			name = Debug;
		};
		30D9A0332396A52D00AF08C0 /* Release */ = {
			isa = XCBuildConfiguration;
			buildSettings = {
				ASSETCATALOG_COMPILER_APPICON_NAME = AppIcon;
				CODE_SIGN_STYLE = Automatic;
				DEVELOPMENT_TEAM = TTN2293JXM;
				INFOPLIST_FILE = "Pursuit-Core-iOS-Introduction-to-Unit-Testing-Lab/Info.plist";
				LD_RUNPATH_SEARCH_PATHS = (
					"$(inherited)",
					"@executable_path/Frameworks",
				);
				PRODUCT_BUNDLE_IDENTIFIER = "com.Jaheed.Pursuit-Core-iOS-Introduction-to-Unit-Testing-Lab";
				PRODUCT_NAME = "$(TARGET_NAME)";
				SWIFT_VERSION = 5.0;
				TARGETED_DEVICE_FAMILY = "1,2";
			};
			name = Release;
		};
		30D9A0352396A52D00AF08C0 /* Debug */ = {
			isa = XCBuildConfiguration;
			buildSettings = {
				ALWAYS_EMBED_SWIFT_STANDARD_LIBRARIES = YES;
				BUNDLE_LOADER = "$(TEST_HOST)";
				CODE_SIGN_STYLE = Automatic;
				DEVELOPMENT_TEAM = TTN2293JXM;
				INFOPLIST_FILE = "Pursuit-Core-iOS-Introduction-to-Unit-Testing-LabTests/Info.plist";
				IPHONEOS_DEPLOYMENT_TARGET = 13.2;
				LD_RUNPATH_SEARCH_PATHS = (
					"$(inherited)",
					"@executable_path/Frameworks",
					"@loader_path/Frameworks",
				);
				PRODUCT_BUNDLE_IDENTIFIER = "com.Jaheed.Pursuit-Core-iOS-Introduction-to-Unit-Testing-LabTests";
				PRODUCT_NAME = "$(TARGET_NAME)";
				SWIFT_VERSION = 5.0;
				TARGETED_DEVICE_FAMILY = "1,2";
				TEST_HOST = "$(BUILT_PRODUCTS_DIR)/Pursuit-Core-iOS-Introduction-to-Unit-Testing-Lab.app/Pursuit-Core-iOS-Introduction-to-Unit-Testing-Lab";
			};
			name = Debug;
		};
		30D9A0362396A52D00AF08C0 /* Release */ = {
			isa = XCBuildConfiguration;
			buildSettings = {
				ALWAYS_EMBED_SWIFT_STANDARD_LIBRARIES = YES;
				BUNDLE_LOADER = "$(TEST_HOST)";
				CODE_SIGN_STYLE = Automatic;
				DEVELOPMENT_TEAM = TTN2293JXM;
				INFOPLIST_FILE = "Pursuit-Core-iOS-Introduction-to-Unit-Testing-LabTests/Info.plist";
				IPHONEOS_DEPLOYMENT_TARGET = 13.2;
				LD_RUNPATH_SEARCH_PATHS = (
					"$(inherited)",
					"@executable_path/Frameworks",
					"@loader_path/Frameworks",
				);
				PRODUCT_BUNDLE_IDENTIFIER = "com.Jaheed.Pursuit-Core-iOS-Introduction-to-Unit-Testing-LabTests";
				PRODUCT_NAME = "$(TARGET_NAME)";
				SWIFT_VERSION = 5.0;
				TARGETED_DEVICE_FAMILY = "1,2";
				TEST_HOST = "$(BUILT_PRODUCTS_DIR)/Pursuit-Core-iOS-Introduction-to-Unit-Testing-Lab.app/Pursuit-Core-iOS-Introduction-to-Unit-Testing-Lab";
			};
			name = Release;
		};
/* End XCBuildConfiguration section */

/* Begin XCConfigurationList section */
		30D9A00D2396A52A00AF08C0 /* Build configuration list for PBXProject "Pursuit-Core-iOS-Introduction-to-Unit-Testing-Lab" */ = {
			isa = XCConfigurationList;
			buildConfigurations = (
				30D9A02F2396A52D00AF08C0 /* Debug */,
				30D9A0302396A52D00AF08C0 /* Release */,
			);
			defaultConfigurationIsVisible = 0;
			defaultConfigurationName = Release;
		};
		30D9A0312396A52D00AF08C0 /* Build configuration list for PBXNativeTarget "Pursuit-Core-iOS-Introduction-to-Unit-Testing-Lab" */ = {
			isa = XCConfigurationList;
			buildConfigurations = (
				30D9A0322396A52D00AF08C0 /* Debug */,
				30D9A0332396A52D00AF08C0 /* Release */,
			);
			defaultConfigurationIsVisible = 0;
			defaultConfigurationName = Release;
		};
		30D9A0342396A52D00AF08C0 /* Build configuration list for PBXNativeTarget "Pursuit-Core-iOS-Introduction-to-Unit-Testing-LabTests" */ = {
			isa = XCConfigurationList;
			buildConfigurations = (
				30D9A0352396A52D00AF08C0 /* Debug */,
				30D9A0362396A52D00AF08C0 /* Release */,
			);
			defaultConfigurationIsVisible = 0;
			defaultConfigurationName = Release;
		};
/* End XCConfigurationList section */
	};
	rootObject = 30D9A00A2396A52A00AF08C0 /* Project object */;
}
